
Microsoft Visual Studio Solution File, Format Version 12.00
# Visual Studio 2013
VisualStudioVersion = 12.0.31101.0
MinimumVisualStudioVersion = 10.0.40219.1
Project("{FAE04EC0-301F-11D3-BF4B-00C04F79EFBC}") = "01.SomePrimes", "01.SomePrimes\01.SomePrimes.csproj", "{95A1FBEB-6914-4172-B05E-116003153983}"
EndProject
Project("{FAE04EC0-301F-11D3-BF4B-00C04F79EFBC}") = "02.SomeFibonacciPrimes", "02.SomeFibonacciPrimes\02.SomeFibonacciPrimes.csproj", "{8CEF26F1-826D-427A-90E8-446FB756D2F3}"
EndProject
Project("{FAE04EC0-301F-11D3-BF4B-00C04F79EFBC}") = "03.SomeFactorials", "03.SomeFactorials\03.SomeFactorials.csproj", "{4D8EA81D-9A1F-446F-848D-346C7640F8E0}"
EndProject
Project("{FAE04EC0-301F-11D3-BF4B-00C04F79EFBC}") = "04.CalculateHypotenuse", "04.CalculateHypotenuse\04.CalculateHypotenuse.csproj", "{29B09787-4BA8-4416-93D4-D7377E5E8A13}"
EndProject
Project("{FAE04EC0-301F-11D3-BF4B-00C04F79EFBC}") = "05.NumeralSystemConversions", "05.NumeralSystemConversions\05.NumeralSystemConversions.csproj", "{8650F9B6-DC27-451E-95F0-1224C6DF0C4F}"
EndProject
Project("{FAE04EC0-301F-11D3-BF4B-00C04F79EFBC}") = "06.LeastCommonMultiple", "06.LeastCommonMultiple\06.LeastCommonMultiple.csproj", "{9DA81EBA-58B5-4CF6-A9AE-22F208A0CD09}"
EndProject
Global
	GlobalSection(SolutionConfigurationPlatforms) = preSolution
		Debug|Any CPU = Debug|Any CPU
		Release|Any CPU = Release|Any CPU
	EndGlobalSection
	GlobalSection(ProjectConfigurationPlatforms) = postSolution
		{95A1FBEB-6914-4172-B05E-116003153983}.Debug|Any CPU.ActiveCfg = Debug|Any CPU
		{95A1FBEB-6914-4172-B05E-116003153983}.Debug|Any CPU.Build.0 = Debug|Any CPU
		{95A1FBEB-6914-4172-B05E-116003153983}.Release|Any CPU.ActiveCfg = Release|Any CPU
		{95A1FBEB-6914-4172-B05E-116003153983}.Release|Any CPU.Build.0 = Release|Any CPU
		{8CEF26F1-826D-427A-90E8-446FB756D2F3}.Debug|Any CPU.ActiveCfg = Debug|Any CPU
		{8CEF26F1-826D-427A-90E8-446FB756D2F3}.Debug|Any CPU.Build.0 = Debug|Any CPU
		{8CEF26F1-826D-427A-90E8-446FB756D2F3}.Release|Any CPU.ActiveCfg = Release|Any CPU
		{8CEF26F1-826D-427A-90E8-446FB756D2F3}.Release|Any CPU.Build.0 = Release|Any CPU
		{4D8EA81D-9A1F-446F-848D-346C7640F8E0}.Debug|Any CPU.ActiveCfg = Debug|Any CPU
		{4D8EA81D-9A1F-446F-848D-346C7640F8E0}.Debug|Any CPU.Build.0 = Debug|Any CPU
		{4D8EA81D-9A1F-446F-848D-346C7640F8E0}.Release|Any CPU.ActiveCfg = Release|Any CPU
		{4D8EA81D-9A1F-446F-848D-346C7640F8E0}.Release|Any CPU.Build.0 = Release|Any CPU
		{29B09787-4BA8-4416-93D4-D7377E5E8A13}.Debug|Any CPU.ActiveCfg = Debug|Any CPU
		{29B09787-4BA8-4416-93D4-D7377E5E8A13}.Debug|Any CPU.Build.0 = Debug|Any CPU
		{29B09787-4BA8-4416-93D4-D7377E5E8A13}.Release|Any CPU.ActiveCfg = Release|Any CPU
		{29B09787-4BA8-4416-93D4-D7377E5E8A13}.Release|Any CPU.Build.0 = Release|Any CPU
		{8650F9B6-DC27-451E-95F0-1224C6DF0C4F}.Debug|Any CPU.ActiveCfg = Debug|Any CPU
		{8650F9B6-DC27-451E-95F0-1224C6DF0C4F}.Debug|Any CPU.Build.0 = Debug|Any CPU
		{8650F9B6-DC27-451E-95F0-1224C6DF0C4F}.Release|Any CPU.ActiveCfg = Release|Any CPU
		{8650F9B6-DC27-451E-95F0-1224C6DF0C4F}.Release|Any CPU.Build.0 = Release|Any CPU
		{9DA81EBA-58B5-4CF6-A9AE-22F208A0CD09}.Debug|Any CPU.ActiveCfg = Debug|Any CPU
		{9DA81EBA-58B5-4CF6-A9AE-22F208A0CD09}.Debug|Any CPU.Build.0 = Debug|Any CPU
		{9DA81EBA-58B5-4CF6-A9AE-22F208A0CD09}.Release|Any CPU.ActiveCfg = Release|Any CPU
		{9DA81EBA-58B5-4CF6-A9AE-22F208A0CD09}.Release|Any CPU.Build.0 = Release|Any CPU
	EndGlobalSection
	GlobalSection(SolutionProperties) = preSolution
		HideSolutionNode = FALSE
	EndGlobalSection
EndGlobal
